
Microsoft Visual Studio Solution File, Format Version 12.00
# Visual Studio Version 17
VisualStudioVersion = 17.10.34607.79
MinimumVisualStudioVersion = 10.0.40219.1
Project("{F184B08F-C81C-45F6-A57F-5ABD9991F28F}") = "SportMart", "SportMart\SportMart.vbproj", "{3D339A12-6BEF-43B3-8E15-CD6BBFD51C68}"
EndProject
Global
	GlobalSection(SolutionConfigurationPlatforms) = preSolution
		Debug|Any CPU = Debug|Any CPU
		Release|Any CPU = Release|Any CPU
	EndGlobalSection
	GlobalSection(ProjectConfigurationPlatforms) = postSolution
		{3D339A12-6BEF-43B3-8E15-CD6BBFD51C68}.Debug|Any CPU.ActiveCfg = Debug|Any CPU
		{3D339A12-6BEF-43B3-8E15-CD6BBFD51C68}.Debug|Any CPU.Build.0 = Debug|Any CPU
		{3D339A12-6BEF-43B3-8E15-CD6BBFD51C68}.Release|Any CPU.ActiveCfg = Release|Any CPU
		{3D339A12-6BEF-43B3-8E15-CD6BBFD51C68}.Release|Any CPU.Build.0 = Release|Any CPU
	EndGlobalSection
	GlobalSection(SolutionProperties) = preSolution
		HideSolutionNode = FALSE
	EndGlobalSection
	GlobalSection(ExtensibilityGlobals) = postSolution
		SolutionGuid = {EBC3DDA6-3E6A-4E6F-B8A8-1610D2B838E6}
	EndGlobalSection
EndGlobal
